
Microsoft Visual Studio Solution File, Format Version 12.00
# Visual Studio Version 17
VisualStudioVersion = 17.2.32630.192
MinimumVisualStudioVersion = 10.0.40219.1
Project("{FAE04EC0-301F-11D3-BF4B-00C04F79EFBC}") = "ACT_RoR_Parcels", "ACT_RoR_Parcels.csproj", "{A9A5BB92-7100-41B8-A01C-6E3E8F53F3C9}"
EndProject
Global
	GlobalSection(SolutionConfigurationPlatforms) = preSolution
		Debug|Any CPU = Debug|Any CPU
		Release|Any CPU = Release|Any CPU
	EndGlobalSection
	GlobalSection(ProjectConfigurationPlatforms) = postSolution
		{A9A5BB92-7100-41B8-A01C-6E3E8F53F3C9}.Debug|Any CPU.ActiveCfg = Debug|Any CPU
		{A9A5BB92-7100-41B8-A01C-6E3E8F53F3C9}.Debug|Any CPU.Build.0 = Debug|Any CPU
		{A9A5BB92-7100-41B8-A01C-6E3E8F53F3C9}.Release|Any CPU.ActiveCfg = Release|Any CPU
		{A9A5BB92-7100-41B8-A01C-6E3E8F53F3C9}.Release|Any CPU.Build.0 = Release|Any CPU
	EndGlobalSection
	GlobalSection(SolutionProperties) = preSolution
		HideSolutionNode = FALSE
	EndGlobalSection
	GlobalSection(ExtensibilityGlobals) = postSolution
		SolutionGuid = {951933B9-E664-4981-A1E6-4FA4AC2B50A1}
	EndGlobalSection
EndGlobal
